<?xml version="1.0" encoding="UTF-8" standalone="yes" ?>
<CodeBlocks_project_file>
	<FileVersion major="1" minor="6" />
	<Project>
		<Option title="nagyhf" />
		<Option pch_mode="2" />
		<Option compiler="gcc" />
		<Build>
			<Target title="Debug">
				<Option output="bin/Debug/nagyhf" prefix_auto="1" extension_auto="1" />
				<Option object_output="obj/Debug/" />
				<Option type="1" />
				<Option compiler="gcc" />
				<Compiler>
					<Add option="-g" />
				</Compiler>
			</Target>
			<Target title="Release">
				<Option output="bin/Release/nagyhf" prefix_auto="1" extension_auto="1" />
				<Option object_output="obj/Release/" />
				<Option type="1" />
				<Option compiler="gcc" />
				<Compiler>
					<Add option="-O2" />
				</Compiler>
				<Linker>
					<Add option="-s" />
				</Linker>
			</Target>
		</Build>
		<Compiler>
			<Add option="-Wall" />
		</Compiler>
		<Unit filename="beolvas.c">
			<Option compilerVar="CC" />
		</Unit>
		<Unit filename="beolvas.h" />
		<Unit filename="debugmalloc.h" />
		<Unit filename="econio.c">
			<Option compilerVar="CC" />
		</Unit>
		<Unit filename="econio.h" />
		<Unit filename="fuggvenyek.c">
			<Option compilerVar="CC" />
		</Unit>
		<Unit filename="fuggvenyek.h" />
		<Unit filename="inventory.c">
			<Option compilerVar="CC" />
		</Unit>
		<Unit filename="inventory.h" />
		<Unit filename="kiiratas.c">
			<Option compilerVar="CC" />
		</Unit>
		<Unit filename="kiiratas.h" />
		<Unit filename="kulonlegesmezok.c">
			<Option compilerVar="CC" />
		</Unit>
		<Unit filename="kulonlegesmezok.h" />
		<Unit filename="main.c">
			<Option compilerVar="CC" />
		</Unit>
		<Unit filename="strukturak.h" />
		<Extensions />
	</Project>
</CodeBlocks_project_file>
